{
  "version": 4,
  "terraform_version": "1.2.8",
  "serial": 63,
  "lineage": "6527be88-840d-b21f-caa4-3e0cc766ffd3",
  "outputs": {
    "external_ip_address_node01": {
      "value": "51.250.84.169",
      "type": "string"
    },
    "external_ip_address_node02": {
      "value": "178.154.225.45",
      "type": "string"
    },
    "external_ip_address_node03": {
      "value": "51.250.7.15",
      "type": "string"
    },
    "internal_ip_address_node01": {
      "value": "192.168.10.19",
      "type": "string"
    },
    "internal_ip_address_node02": {
      "value": "192.168.10.26",
      "type": "string"
    },
    "internal_ip_address_node03": {
      "value": "192.168.10.12",
      "type": "string"
    }
  },
  "resources": [
    {
      "mode": "managed",
      "type": "local_file",
      "name": "prod",
      "provider": "provider[\"registry.terraform.io/hashicorp/local\"]",
      "instances": [
        {
          "schema_version": 0,
          "attributes": {
            "content": "---\nclickhouse:\n  hosts:\n    clickhouse-01:\n      ansible_host: 51.250.84.169\n      ansible_user: centos\n\nvector:\n  hosts:\n    vector-01:\n      ansible_host: 178.154.225.45\n      ansible_user: centos\n\nlighthouse:\n  hosts:\n    lighthouse-01:\n      ansible_host: 51.250.7.15\n      ansible_user: centos\n",
            "content_base64": null,
            "directory_permission": "0777",
            "file_permission": "0777",
            "filename": "../inventory/prod.yaml",
            "id": "03995c5084152ab36d61802617d0e76e50f30da3",
            "sensitive_content": null,
            "source": null
          },
          "sensitive_attributes": [],
          "private": "bnVsbA==",
          "dependencies": [
            "yandex_compute_instance.node01",
            "yandex_compute_instance.node02",
            "yandex_compute_instance.node03",
            "yandex_vpc_network.network-1",
            "yandex_vpc_subnet.subnet-1"
          ]
        }
      ]
    },
    {
      "mode": "managed",
      "type": "null_resource",
      "name": "cluster",
      "provider": "provider[\"registry.terraform.io/hashicorp/null\"]",
      "instances": [
        {
          "status": "tainted",
          "schema_version": 0,
          "attributes": {
            "id": "4792094369112272988",
            "triggers": null
          },
          "sensitive_attributes": [],
          "private": "bnVsbA==",
          "dependencies": [
            "local_file.prod",
            "null_resource.wait",
            "yandex_compute_instance.node01",
            "yandex_compute_instance.node02",
            "yandex_compute_instance.node03",
            "yandex_vpc_network.network-1",
            "yandex_vpc_subnet.subnet-1"
          ]
        }
      ]
    },
    {
      "mode": "managed",
      "type": "null_resource",
      "name": "wait",
      "provider": "provider[\"registry.terraform.io/hashicorp/null\"]",
      "instances": [
        {
          "schema_version": 0,
          "attributes": {
            "id": "4376341820457801247",
            "triggers": null
          },
          "sensitive_attributes": [],
          "private": "bnVsbA==",
          "dependencies": [
            "local_file.prod",
            "yandex_compute_instance.node01",
            "yandex_compute_instance.node02",
            "yandex_compute_instance.node03",
            "yandex_vpc_network.network-1",
            "yandex_vpc_subnet.subnet-1"
          ]
        }
      ]
    },
    {
      "mode": "managed",
      "type": "yandex_compute_instance",
      "name": "node01",
      "provider": "provider[\"registry.terraform.io/yandex-cloud/yandex\"]",
      "instances": [
        {
          "schema_version": 1,
          "attributes": {
            "allow_recreate": null,
            "allow_stopping_for_update": true,
            "boot_disk": [
              {
                "auto_delete": true,
                "device_name": "fhmppj9erpjda5uvu824",
                "disk_id": "fhmppj9erpjda5uvu824",
                "initialize_params": [
                  {
                    "block_size": 4096,
                    "description": "",
                    "image_id": "fd8nkrcks6c9ra5im9hj",
                    "name": "root-node01",
                    "size": 10,
                    "snapshot_id": "",
                    "type": "network-ssd"
                  }
                ],
                "mode": "READ_WRITE"
              }
            ],
            "created_at": "2022-10-23T17:45:15Z",
            "description": "",
            "folder_id": "b1g72hofn0r6eom3l3oo",
            "fqdn": "node01.netology.yc",
            "hostname": "node01.netology.yc",
            "id": "fhmsmbroet9j17fnd8aj",
            "labels": null,
            "local_disk": [],
            "metadata": {
              "ssh-keys": "centos:ssh-rsa AAAAB3NzaC1yc2EAAAADAQABAAABgQDCA9SzDj6gX6Kno27qlWIh3yOU5LygCrTO1A21HtXUHfWg/vcgrvsKGNIG0D2aZF/zeZQsA8t/7ChY44TTrB39mHG55dkqys0y7WDU3BNWYUcHntG+SCUddC+QKcb6e4RdZyF/W+4WeWewIct370X9PqMXImgIxrzExrpAJQmwIJDfcvtzsrL6jOY+TSEA0Fh5HsAVRnCM7EEV0nfsD8aDTqtpLKNqJaAXZb+CmL8/etYXtdyy3jqpLn35+9h/8Czhmr/ru5U2TtWtn89kHeQg8gXyM4q8tdV4N0fLOkRwH+my8rBGd7m/A+WAxJefMWZ08qqvH1LJ7Qh+rqo47QJiW72mEgzP2ahBoDFBTo20X8bMz1HSz0JDCufyRaCFRuFDiQK53fCyYZKVBlgt/M5bQhEXUO3RvpWt7kerPHdqClBjBh8KIcMmVY9i6JamRMTyDX1mKfyhfizEA5BzT3oz/jkQnYztvqH45O5Hudz4VNtp/weH7gpaG/tguOy6Xbs= root@server1\n"
            },
            "name": "node01",
            "network_acceleration_type": "standard",
            "network_interface": [
              {
                "dns_record": [],
                "index": 0,
                "ip_address": "192.168.10.19",
                "ipv4": true,
                "ipv6": false,
                "ipv6_address": "",
                "ipv6_dns_record": [],
                "mac_address": "d0:0d:1c:b2:f7:87",
                "nat": true,
                "nat_dns_record": [],
                "nat_ip_address": "51.250.84.169",
                "nat_ip_version": "IPV4",
                "security_group_ids": [],
                "subnet_id": "e9bl7lmjca60jv8vbgun"
              }
            ],
            "placement_policy": [
              {
                "host_affinity_rules": [],
                "placement_group_id": ""
              }
            ],
            "platform_id": "standard-v1",
            "resources": [
              {
                "core_fraction": 100,
                "cores": 2,
                "gpus": 0,
                "memory": 2
              }
            ],
            "scheduling_policy": [
              {
                "preemptible": false
              }
            ],
            "secondary_disk": [],
            "service_account_id": "",
            "status": "running",
            "timeouts": null,
            "zone": "ru-central1-a"
          },
          "sensitive_attributes": [],
          "private": "eyJlMmJmYjczMC1lY2FhLTExZTYtOGY4OC0zNDM2M2JjN2M0YzAiOnsiY3JlYXRlIjozMDAwMDAwMDAwMDAsImRlbGV0ZSI6MzAwMDAwMDAwMDAwLCJ1cGRhdGUiOjMwMDAwMDAwMDAwMH0sInNjaGVtYV92ZXJzaW9uIjoiMSJ9",
          "dependencies": [
            "yandex_vpc_network.network-1",
            "yandex_vpc_subnet.subnet-1"
          ]
        }
      ]
    },
    {
      "mode": "managed",
      "type": "yandex_compute_instance",
      "name": "node02",
      "provider": "provider[\"registry.terraform.io/yandex-cloud/yandex\"]",
      "instances": [
        {
          "schema_version": 1,
          "attributes": {
            "allow_recreate": null,
            "allow_stopping_for_update": true,
            "boot_disk": [
              {
                "auto_delete": true,
                "device_name": "fhmv4esb5p9mpa4s1tqo",
                "disk_id": "fhmv4esb5p9mpa4s1tqo",
                "initialize_params": [
                  {
                    "block_size": 4096,
                    "description": "",
                    "image_id": "fd8nkrcks6c9ra5im9hj",
                    "name": "root-node02",
                    "size": 10,
                    "snapshot_id": "",
                    "type": "network-ssd"
                  }
                ],
                "mode": "READ_WRITE"
              }
            ],
            "created_at": "2022-10-23T17:45:15Z",
            "description": "",
            "folder_id": "b1g72hofn0r6eom3l3oo",
            "fqdn": "node02.netology.yc",
            "hostname": "node02.netology.yc",
            "id": "fhm39hhhrrtg4iriou93",
            "labels": null,
            "local_disk": [],
            "metadata": {
              "ssh-keys": "centos:ssh-rsa AAAAB3NzaC1yc2EAAAADAQABAAABgQDCA9SzDj6gX6Kno27qlWIh3yOU5LygCrTO1A21HtXUHfWg/vcgrvsKGNIG0D2aZF/zeZQsA8t/7ChY44TTrB39mHG55dkqys0y7WDU3BNWYUcHntG+SCUddC+QKcb6e4RdZyF/W+4WeWewIct370X9PqMXImgIxrzExrpAJQmwIJDfcvtzsrL6jOY+TSEA0Fh5HsAVRnCM7EEV0nfsD8aDTqtpLKNqJaAXZb+CmL8/etYXtdyy3jqpLn35+9h/8Czhmr/ru5U2TtWtn89kHeQg8gXyM4q8tdV4N0fLOkRwH+my8rBGd7m/A+WAxJefMWZ08qqvH1LJ7Qh+rqo47QJiW72mEgzP2ahBoDFBTo20X8bMz1HSz0JDCufyRaCFRuFDiQK53fCyYZKVBlgt/M5bQhEXUO3RvpWt7kerPHdqClBjBh8KIcMmVY9i6JamRMTyDX1mKfyhfizEA5BzT3oz/jkQnYztvqH45O5Hudz4VNtp/weH7gpaG/tguOy6Xbs= root@server1\n"
            },
            "name": "node02",
            "network_acceleration_type": "standard",
            "network_interface": [
              {
                "dns_record": [],
                "index": 0,
                "ip_address": "192.168.10.26",
                "ipv4": true,
                "ipv6": false,
                "ipv6_address": "",
                "ipv6_dns_record": [],
                "mac_address": "d0:0d:34:c6:31:de",
                "nat": true,
                "nat_dns_record": [],
                "nat_ip_address": "178.154.225.45",
                "nat_ip_version": "IPV4",
                "security_group_ids": [],
                "subnet_id": "e9bl7lmjca60jv8vbgun"
              }
            ],
            "placement_policy": [
              {
                "host_affinity_rules": [],
                "placement_group_id": ""
              }
            ],
            "platform_id": "standard-v1",
            "resources": [
              {
                "core_fraction": 100,
                "cores": 2,
                "gpus": 0,
                "memory": 2
              }
            ],
            "scheduling_policy": [
              {
                "preemptible": false
              }
            ],
            "secondary_disk": [],
            "service_account_id": "",
            "status": "running",
            "timeouts": null,
            "zone": "ru-central1-a"
          },
          "sensitive_attributes": [],
          "private": "eyJlMmJmYjczMC1lY2FhLTExZTYtOGY4OC0zNDM2M2JjN2M0YzAiOnsiY3JlYXRlIjozMDAwMDAwMDAwMDAsImRlbGV0ZSI6MzAwMDAwMDAwMDAwLCJ1cGRhdGUiOjMwMDAwMDAwMDAwMH0sInNjaGVtYV92ZXJzaW9uIjoiMSJ9",
          "dependencies": [
            "yandex_vpc_network.network-1",
            "yandex_vpc_subnet.subnet-1"
          ]
        }
      ]
    },
    {
      "mode": "managed",
      "type": "yandex_compute_instance",
      "name": "node03",
      "provider": "provider[\"registry.terraform.io/yandex-cloud/yandex\"]",
      "instances": [
        {
          "schema_version": 1,
          "attributes": {
            "allow_recreate": null,
            "allow_stopping_for_update": true,
            "boot_disk": [
              {
                "auto_delete": true,
                "device_name": "fhm5rt8q32c1otrdqntr",
                "disk_id": "fhm5rt8q32c1otrdqntr",
                "initialize_params": [
                  {
                    "block_size": 4096,
                    "description": "",
                    "image_id": "fd8nkrcks6c9ra5im9hj",
                    "name": "root-node03",
                    "size": 10,
                    "snapshot_id": "",
                    "type": "network-ssd"
                  }
                ],
                "mode": "READ_WRITE"
              }
            ],
            "created_at": "2022-10-23T17:45:15Z",
            "description": "",
            "folder_id": "b1g72hofn0r6eom3l3oo",
            "fqdn": "node03.netology.yc",
            "hostname": "node03.netology.yc",
            "id": "fhm1t9g4otgghdiqansm",
            "labels": null,
            "local_disk": [],
            "metadata": {
              "ssh-keys": "centos:ssh-rsa AAAAB3NzaC1yc2EAAAADAQABAAABgQDCA9SzDj6gX6Kno27qlWIh3yOU5LygCrTO1A21HtXUHfWg/vcgrvsKGNIG0D2aZF/zeZQsA8t/7ChY44TTrB39mHG55dkqys0y7WDU3BNWYUcHntG+SCUddC+QKcb6e4RdZyF/W+4WeWewIct370X9PqMXImgIxrzExrpAJQmwIJDfcvtzsrL6jOY+TSEA0Fh5HsAVRnCM7EEV0nfsD8aDTqtpLKNqJaAXZb+CmL8/etYXtdyy3jqpLn35+9h/8Czhmr/ru5U2TtWtn89kHeQg8gXyM4q8tdV4N0fLOkRwH+my8rBGd7m/A+WAxJefMWZ08qqvH1LJ7Qh+rqo47QJiW72mEgzP2ahBoDFBTo20X8bMz1HSz0JDCufyRaCFRuFDiQK53fCyYZKVBlgt/M5bQhEXUO3RvpWt7kerPHdqClBjBh8KIcMmVY9i6JamRMTyDX1mKfyhfizEA5BzT3oz/jkQnYztvqH45O5Hudz4VNtp/weH7gpaG/tguOy6Xbs= root@server1\n"
            },
            "name": "node03",
            "network_acceleration_type": "standard",
            "network_interface": [
              {
                "dns_record": [],
                "index": 0,
                "ip_address": "192.168.10.12",
                "ipv4": true,
                "ipv6": false,
                "ipv6_address": "",
                "ipv6_dns_record": [],
                "mac_address": "d0:0d:1e:a6:04:c7",
                "nat": true,
                "nat_dns_record": [],
                "nat_ip_address": "51.250.7.15",
                "nat_ip_version": "IPV4",
                "security_group_ids": [],
                "subnet_id": "e9bl7lmjca60jv8vbgun"
              }
            ],
            "placement_policy": [
              {
                "host_affinity_rules": [],
                "placement_group_id": ""
              }
            ],
            "platform_id": "standard-v1",
            "resources": [
              {
                "core_fraction": 100,
                "cores": 2,
                "gpus": 0,
                "memory": 2
              }
            ],
            "scheduling_policy": [
              {
                "preemptible": false
              }
            ],
            "secondary_disk": [],
            "service_account_id": "",
            "status": "running",
            "timeouts": null,
            "zone": "ru-central1-a"
          },
          "sensitive_attributes": [],
          "private": "eyJlMmJmYjczMC1lY2FhLTExZTYtOGY4OC0zNDM2M2JjN2M0YzAiOnsiY3JlYXRlIjozMDAwMDAwMDAwMDAsImRlbGV0ZSI6MzAwMDAwMDAwMDAwLCJ1cGRhdGUiOjMwMDAwMDAwMDAwMH0sInNjaGVtYV92ZXJzaW9uIjoiMSJ9",
          "dependencies": [
            "yandex_vpc_network.network-1",
            "yandex_vpc_subnet.subnet-1"
          ]
        }
      ]
    },
    {
      "mode": "managed",
      "type": "yandex_vpc_network",
      "name": "network-1",
      "provider": "provider[\"registry.terraform.io/yandex-cloud/yandex\"]",
      "instances": [
        {
          "schema_version": 0,
          "attributes": {
            "created_at": "2022-10-23T17:45:13Z",
            "default_security_group_id": "",
            "description": "",
            "folder_id": "b1g72hofn0r6eom3l3oo",
            "id": "enphf6laprjl8lvdgir2",
            "labels": {},
            "name": "network1",
            "subnet_ids": [],
            "timeouts": null
          },
          "sensitive_attributes": [],
          "private": "eyJlMmJmYjczMC1lY2FhLTExZTYtOGY4OC0zNDM2M2JjN2M0YzAiOnsiY3JlYXRlIjo2MDAwMDAwMDAwMCwiZGVsZXRlIjo2MDAwMDAwMDAwMCwidXBkYXRlIjo2MDAwMDAwMDAwMH19"
        }
      ]
    },
    {
      "mode": "managed",
      "type": "yandex_vpc_subnet",
      "name": "subnet-1",
      "provider": "provider[\"registry.terraform.io/yandex-cloud/yandex\"]",
      "instances": [
        {
          "schema_version": 0,
          "attributes": {
            "created_at": "2022-10-23T17:45:14Z",
            "description": "",
            "dhcp_options": [],
            "folder_id": "b1g72hofn0r6eom3l3oo",
            "id": "e9bl7lmjca60jv8vbgun",
            "labels": {},
            "name": "subnet1",
            "network_id": "enphf6laprjl8lvdgir2",
            "route_table_id": "",
            "timeouts": null,
            "v4_cidr_blocks": [
              "192.168.10.0/24"
            ],
            "v6_cidr_blocks": [],
            "zone": "ru-central1-a"
          },
          "sensitive_attributes": [],
          "private": "eyJlMmJmYjczMC1lY2FhLTExZTYtOGY4OC0zNDM2M2JjN2M0YzAiOnsiY3JlYXRlIjoxODAwMDAwMDAwMDAsImRlbGV0ZSI6MTgwMDAwMDAwMDAwLCJ1cGRhdGUiOjE4MDAwMDAwMDAwMH19",
          "dependencies": [
            "yandex_vpc_network.network-1"
          ]
        }
      ]
    }
  ]
}
